
Microsoft Visual Studio Solution File, Format Version 12.00
# Visual Studio Version 17
VisualStudioVersion = 17.10.35027.167
MinimumVisualStudioVersion = 10.0.40219.1
Project("{FAE04EC0-301F-11D3-BF4B-00C04F79EFBC}") = "RuyaManavi", "RuyaManavı\RuyaManavi.csproj", "{0AB5BA2E-398E-4DF1-B319-5DC3467A8507}"
EndProject
Global
	GlobalSection(SolutionConfigurationPlatforms) = preSolution
		Debug|Any CPU = Debug|Any CPU
		Release|Any CPU = Release|Any CPU
	EndGlobalSection
	GlobalSection(ProjectConfigurationPlatforms) = postSolution
		{0AB5BA2E-398E-4DF1-B319-5DC3467A8507}.Debug|Any CPU.ActiveCfg = Debug|Any CPU
		{0AB5BA2E-398E-4DF1-B319-5DC3467A8507}.Debug|Any CPU.Build.0 = Debug|Any CPU
		{0AB5BA2E-398E-4DF1-B319-5DC3467A8507}.Release|Any CPU.ActiveCfg = Release|Any CPU
		{0AB5BA2E-398E-4DF1-B319-5DC3467A8507}.Release|Any CPU.Build.0 = Release|Any CPU
	EndGlobalSection
	GlobalSection(SolutionProperties) = preSolution
		HideSolutionNode = FALSE
	EndGlobalSection
	GlobalSection(ExtensibilityGlobals) = postSolution
		SolutionGuid = {573BBBE1-514E-48B6-AE6E-4210496B76E2}
	EndGlobalSection
EndGlobal
